
Microsoft Visual Studio Solution File, Format Version 12.00
# Visual Studio Version 17
VisualStudioVersion = 17.4.32916.344
MinimumVisualStudioVersion = 10.0.40219.1
Project("{FAE04EC0-301F-11D3-BF4B-00C04F79EFBC}") = "Tutorial_Classes", "Tutorial_Classes\Tutorial_Classes.csproj", "{AA16C023-665A-4594-A59E-7C8AE593A453}"
EndProject
Global
	GlobalSection(SolutionConfigurationPlatforms) = preSolution
		Debug|Any CPU = Debug|Any CPU
		Release|Any CPU = Release|Any CPU
	EndGlobalSection
	GlobalSection(ProjectConfigurationPlatforms) = postSolution
		{AA16C023-665A-4594-A59E-7C8AE593A453}.Debug|Any CPU.ActiveCfg = Debug|Any CPU
		{AA16C023-665A-4594-A59E-7C8AE593A453}.Debug|Any CPU.Build.0 = Debug|Any CPU
		{AA16C023-665A-4594-A59E-7C8AE593A453}.Release|Any CPU.ActiveCfg = Release|Any CPU
		{AA16C023-665A-4594-A59E-7C8AE593A453}.Release|Any CPU.Build.0 = Release|Any CPU
	EndGlobalSection
	GlobalSection(SolutionProperties) = preSolution
		HideSolutionNode = FALSE
	EndGlobalSection
	GlobalSection(ExtensibilityGlobals) = postSolution
		SolutionGuid = {AE057D76-EFD4-489B-B12E-666E5AF3103A}
	EndGlobalSection
EndGlobal
